
Microsoft Visual Studio Solution File, Format Version 12.00
# Visual Studio 2012
Project("{8BC9CEB8-8B4A-11D0-8D11-00A0C91BC942}") = "DZ35.1", "DZ35.1\DZ35.1.vcxproj", "{7D774EEB-B97F-474B-A99C-C806020B8DE1}"
EndProject
Global
	GlobalSection(SolutionConfigurationPlatforms) = preSolution
		Debug|Win32 = Debug|Win32
		Release|Win32 = Release|Win32
	EndGlobalSection
	GlobalSection(ProjectConfigurationPlatforms) = postSolution
		{7D774EEB-B97F-474B-A99C-C806020B8DE1}.Debug|Win32.ActiveCfg = Debug|Win32
		{7D774EEB-B97F-474B-A99C-C806020B8DE1}.Debug|Win32.Build.0 = Debug|Win32
		{7D774EEB-B97F-474B-A99C-C806020B8DE1}.Release|Win32.ActiveCfg = Release|Win32
		{7D774EEB-B97F-474B-A99C-C806020B8DE1}.Release|Win32.Build.0 = Release|Win32
	EndGlobalSection
	GlobalSection(SolutionProperties) = preSolution
		HideSolutionNode = FALSE
	EndGlobalSection
EndGlobal
